
Microsoft Visual Studio Solution File, Format Version 11.00
# Visual Studio 2010
Project("{FAE04EC0-301F-11D3-BF4B-00C04F79EFBC}") = "Inductors", "Inductors\Inductors.csproj", "{B1AD78C6-5040-4412-9D86-301BC2146719}"
EndProject
Project("{54435603-DBB4-11D2-8724-00A0C9A8B90C}") = "Setup", "Setup\Setup.vdproj", "{DD11A03D-3224-45BE-A96A-B66762AB8A42}"
EndProject
Global
	GlobalSection(SolutionConfigurationPlatforms) = preSolution
		Debug|x86 = Debug|x86
		Release|x86 = Release|x86
	EndGlobalSection
	GlobalSection(ProjectConfigurationPlatforms) = postSolution
		{B1AD78C6-5040-4412-9D86-301BC2146719}.Debug|x86.ActiveCfg = Debug|x86
		{B1AD78C6-5040-4412-9D86-301BC2146719}.Debug|x86.Build.0 = Debug|x86
		{B1AD78C6-5040-4412-9D86-301BC2146719}.Release|x86.ActiveCfg = Release|x86
		{B1AD78C6-5040-4412-9D86-301BC2146719}.Release|x86.Build.0 = Release|x86
		{DD11A03D-3224-45BE-A96A-B66762AB8A42}.Debug|x86.ActiveCfg = Debug
		{DD11A03D-3224-45BE-A96A-B66762AB8A42}.Debug|x86.Build.0 = Debug
		{DD11A03D-3224-45BE-A96A-B66762AB8A42}.Release|x86.ActiveCfg = Release
		{DD11A03D-3224-45BE-A96A-B66762AB8A42}.Release|x86.Build.0 = Release
	EndGlobalSection
	GlobalSection(SolutionProperties) = preSolution
		HideSolutionNode = FALSE
	EndGlobalSection
EndGlobal
